// !$*UTF8*$!
{
	archiveVersion = 1;
	classes = {
	};
	objectVersion = 46;
	objects = {

/* Begin PBXBuildFile section */
		67EB83960C9AEC0A78E87CFA /* Pods_Neurio_Home_Automation.framework in Frameworks */ = {isa = PBXBuildFile; fileRef = 9996B87BCCAAC006FF30147F /* Pods_Neurio_Home_Automation.framework */; };
		DD00A85E1E23D10C00BC4A4B /* AppDelegate.swift in Sources */ = {isa = PBXBuildFile; fileRef = DD00A85D1E23D10C00BC4A4B /* AppDelegate.swift */; };
		DD00A8601E23D10C00BC4A4B /* NativeLoginViewController.swift in Sources */ = {isa = PBXBuildFile; fileRef = DD00A85F1E23D10C00BC4A4B /* NativeLoginViewController.swift */; };
		DD00A8631E23D10C00BC4A4B /* Main.storyboard in Resources */ = {isa = PBXBuildFile; fileRef = DD00A8611E23D10C00BC4A4B /* Main.storyboard */; };
		DD00A8651E23D10C00BC4A4B /* Assets.xcassets in Resources */ = {isa = PBXBuildFile; fileRef = DD00A8641E23D10C00BC4A4B /* Assets.xcassets */; };
		DD00A8681E23D10C00BC4A4B /* LaunchScreen.storyboard in Resources */ = {isa = PBXBuildFile; fileRef = DD00A8661E23D10C00BC4A4B /* LaunchScreen.storyboard */; };
		DD4F52941E25898400CA9C8C /* NeurioManager.swift in Sources */ = {isa = PBXBuildFile; fileRef = DD4F52931E25898400CA9C8C /* NeurioManager.swift */; };
		DD9445AA1E270F7E0088F763 /* HomeViewController.swift in Sources */ = {isa = PBXBuildFile; fileRef = DD9445A91E270F7E0088F763 /* HomeViewController.swift */; };
		DD969C601E27D4750029C5E3 /* AppSecrets.swift in Sources */ = {isa = PBXBuildFile; fileRef = DD969C5F1E27D4750029C5E3 /* AppSecrets.swift */; };
		DD969C621E27DE090029C5E3 /* Security.framework in Frameworks */ = {isa = PBXBuildFile; fileRef = DD969C611E27DE090029C5E3 /* Security.framework */; };
/* End PBXBuildFile section */

/* Begin PBXFileReference section */
		009E1B060435DD9E6970CB0A /* Pods-Neurio Home Automation.release.xcconfig */ = {isa = PBXFileReference; includeInIndex = 1; lastKnownFileType = text.xcconfig; name = "Pods-Neurio Home Automation.release.xcconfig"; path = "Pods/Target Support Files/Pods-Neurio Home Automation/Pods-Neurio Home Automation.release.xcconfig"; sourceTree = "<group>"; };
		036BF66C8F68BA0250052E0C /* Pods-Neurio Home Automation.debug.xcconfig */ = {isa = PBXFileReference; includeInIndex = 1; lastKnownFileType = text.xcconfig; name = "Pods-Neurio Home Automation.debug.xcconfig"; path = "Pods/Target Support Files/Pods-Neurio Home Automation/Pods-Neurio Home Automation.debug.xcconfig"; sourceTree = "<group>"; };
		9996B87BCCAAC006FF30147F /* Pods_Neurio_Home_Automation.framework */ = {isa = PBXFileReference; explicitFileType = wrapper.framework; includeInIndex = 0; path = Pods_Neurio_Home_Automation.framework; sourceTree = BUILT_PRODUCTS_DIR; };
		DD00A85A1E23D10C00BC4A4B /* Neurio Home Automation.app */ = {isa = PBXFileReference; explicitFileType = wrapper.application; includeInIndex = 0; path = "Neurio Home Automation.app"; sourceTree = BUILT_PRODUCTS_DIR; };
		DD00A85D1E23D10C00BC4A4B /* AppDelegate.swift */ = {isa = PBXFileReference; lastKnownFileType = sourcecode.swift; path = AppDelegate.swift; sourceTree = "<group>"; };
		DD00A85F1E23D10C00BC4A4B /* NativeLoginViewController.swift */ = {isa = PBXFileReference; lastKnownFileType = sourcecode.swift; path = NativeLoginViewController.swift; sourceTree = "<group>"; };
		DD00A8621E23D10C00BC4A4B /* Base */ = {isa = PBXFileReference; lastKnownFileType = file.storyboard; name = Base; path = Base.lproj/Main.storyboard; sourceTree = "<group>"; };
		DD00A8641E23D10C00BC4A4B /* Assets.xcassets */ = {isa = PBXFileReference; lastKnownFileType = folder.assetcatalog; path = Assets.xcassets; sourceTree = "<group>"; };
		DD00A8671E23D10C00BC4A4B /* Base */ = {isa = PBXFileReference; lastKnownFileType = file.storyboard; name = Base; path = Base.lproj/LaunchScreen.storyboard; sourceTree = "<group>"; };
		DD00A8691E23D10C00BC4A4B /* Info.plist */ = {isa = PBXFileReference; lastKnownFileType = text.plist.xml; path = Info.plist; sourceTree = "<group>"; };
		DD4F52931E25898400CA9C8C /* NeurioManager.swift */ = {isa = PBXFileReference; fileEncoding = 4; lastKnownFileType = sourcecode.swift; path = NeurioManager.swift; sourceTree = "<group>"; };
		DD9445A91E270F7E0088F763 /* HomeViewController.swift */ = {isa = PBXFileReference; fileEncoding = 4; lastKnownFileType = sourcecode.swift; path = HomeViewController.swift; sourceTree = "<group>"; };
		DD969C5B1E27D1610029C5E3 /* Neurio Home Automation-Bridging-Header.h */ = {isa = PBXFileReference; lastKnownFileType = sourcecode.c.h; path = "Neurio Home Automation-Bridging-Header.h"; sourceTree = "<group>"; };
		DD969C5F1E27D4750029C5E3 /* AppSecrets.swift */ = {isa = PBXFileReference; fileEncoding = 4; lastKnownFileType = sourcecode.swift; path = AppSecrets.swift; sourceTree = "<group>"; };
		DD969C611E27DE090029C5E3 /* Security.framework */ = {isa = PBXFileReference; lastKnownFileType = wrapper.framework; name = Security.framework; path = System/Library/Frameworks/Security.framework; sourceTree = SDKROOT; };
/* End PBXFileReference section */

/* Begin PBXFrameworksBuildPhase section */
		DD00A8571E23D10C00BC4A4B /* Frameworks */ = {
			isa = PBXFrameworksBuildPhase;
			buildActionMask = 2147483647;
			files = (
				DD969C621E27DE090029C5E3 /* Security.framework in Frameworks */,
				67EB83960C9AEC0A78E87CFA /* Pods_Neurio_Home_Automation.framework in Frameworks */,
			);
			runOnlyForDeploymentPostprocessing = 0;
		};
/* End PBXFrameworksBuildPhase section */

/* Begin PBXGroup section */
		145ADFF822DCB954B7409216 /* Pods */ = {
			isa = PBXGroup;
			children = (
				036BF66C8F68BA0250052E0C /* Pods-Neurio Home Automation.debug.xcconfig */,
				009E1B060435DD9E6970CB0A /* Pods-Neurio Home Automation.release.xcconfig */,
			);
			name = Pods;
			sourceTree = "<group>";
		};
		AAE9B842C7E0727865C99D8D /* Frameworks */ = {
			isa = PBXGroup;
			children = (
				DD969C611E27DE090029C5E3 /* Security.framework */,
				9996B87BCCAAC006FF30147F /* Pods_Neurio_Home_Automation.framework */,
			);
			name = Frameworks;
			sourceTree = "<group>";
		};
		DD00A8511E23D10C00BC4A4B = {
			isa = PBXGroup;
			children = (
				DD00A85C1E23D10C00BC4A4B /* Neurio Home Automation */,
				DD00A85B1E23D10C00BC4A4B /* Products */,
				AAE9B842C7E0727865C99D8D /* Frameworks */,
				145ADFF822DCB954B7409216 /* Pods */,
			);
			sourceTree = "<group>";
		};
		DD00A85B1E23D10C00BC4A4B /* Products */ = {
			isa = PBXGroup;
			children = (
				DD00A85A1E23D10C00BC4A4B /* Neurio Home Automation.app */,
			);
			name = Products;
			sourceTree = "<group>";
		};
		DD00A85C1E23D10C00BC4A4B /* Neurio Home Automation */ = {
			isa = PBXGroup;
			children = (
				DD00A85D1E23D10C00BC4A4B /* AppDelegate.swift */,
				DD00A85F1E23D10C00BC4A4B /* NativeLoginViewController.swift */,
				DD9445A91E270F7E0088F763 /* HomeViewController.swift */,
				DD4F52931E25898400CA9C8C /* NeurioManager.swift */,
				DD969C5F1E27D4750029C5E3 /* AppSecrets.swift */,
				DD00A8611E23D10C00BC4A4B /* Main.storyboard */,
				DD00A8641E23D10C00BC4A4B /* Assets.xcassets */,
				DD00A8661E23D10C00BC4A4B /* LaunchScreen.storyboard */,
				DD00A8691E23D10C00BC4A4B /* Info.plist */,
				DD969C5B1E27D1610029C5E3 /* Neurio Home Automation-Bridging-Header.h */,
			);
			path = "Neurio Home Automation";
			sourceTree = "<group>";
		};
/* End PBXGroup section */

/* Begin PBXNativeTarget section */
		DD00A8591E23D10C00BC4A4B /* Neurio Home Automation */ = {
			isa = PBXNativeTarget;
			buildConfigurationList = DD00A86C1E23D10C00BC4A4B /* Build configuration list for PBXNativeTarget "Neurio Home Automation" */;
			buildPhases = (
				3B087C4A3B7DE774D41744D5 /* [CP] Check Pods Manifest.lock */,
				DD00A8561E23D10C00BC4A4B /* Sources */,
				DD00A8571E23D10C00BC4A4B /* Frameworks */,
				DD00A8581E23D10C00BC4A4B /* Resources */,
				E273296E831DA593A629D1AC /* [CP] Embed Pods Frameworks */,
				6BE0765304BF87E49C1ED041 /* [CP] Copy Pods Resources */,
			);
			buildRules = (
			);
			dependencies = (
			);
			name = "Neurio Home Automation";
			productName = "Neurio Home Automation";
			productReference = DD00A85A1E23D10C00BC4A4B /* Neurio Home Automation.app */;
			productType = "com.apple.product-type.application";
		};
/* End PBXNativeTarget section */

/* Begin PBXProject section */
		DD00A8521E23D10C00BC4A4B /* Project object */ = {
			isa = PBXProject;
			attributes = {
				LastSwiftUpdateCheck = 0820;
				LastUpgradeCheck = 0820;
				ORGANIZATIONNAME = "Adam Lowther";
				TargetAttributes = {
					DD00A8591E23D10C00BC4A4B = {
						CreatedOnToolsVersion = 8.2.1;
						DevelopmentTeam = E5ANWKSXGH;
						LastSwiftMigration = 0820;
						ProvisioningStyle = Automatic;
					};
				};
			};
			buildConfigurationList = DD00A8551E23D10C00BC4A4B /* Build configuration list for PBXProject "Neurio Home Automation" */;
			compatibilityVersion = "Xcode 3.2";
			developmentRegion = English;
			hasScannedForEncodings = 0;
			knownRegions = (
				en,
				Base,
			);
			mainGroup = DD00A8511E23D10C00BC4A4B;
			productRefGroup = DD00A85B1E23D10C00BC4A4B /* Products */;
			projectDirPath = "";
			projectRoot = "";
			targets = (
				DD00A8591E23D10C00BC4A4B /* Neurio Home Automation */,
			);
		};
/* End PBXProject section */

/* Begin PBXResourcesBuildPhase section */
		DD00A8581E23D10C00BC4A4B /* Resources */ = {
			isa = PBXResourcesBuildPhase;
			buildActionMask = 2147483647;
			files = (
				DD00A8681E23D10C00BC4A4B /* LaunchScreen.storyboard in Resources */,
				DD00A8651E23D10C00BC4A4B /* Assets.xcassets in Resources */,
				DD00A8631E23D10C00BC4A4B /* Main.storyboard in Resources */,
			);
			runOnlyForDeploymentPostprocessing = 0;
		};
/* End PBXResourcesBuildPhase section */

/* Begin PBXShellScriptBuildPhase section */
		3B087C4A3B7DE774D41744D5 /* [CP] Check Pods Manifest.lock */ = {
			isa = PBXShellScriptBuildPhase;
			buildActionMask = 2147483647;
			files = (
			);
			inputPaths = (
			);
			name = "[CP] Check Pods Manifest.lock";
			outputPaths = (
			);
			runOnlyForDeploymentPostprocessing = 0;
			shellPath = /bin/sh;
			shellScript = "diff \"${PODS_ROOT}/../Podfile.lock\" \"${PODS_ROOT}/Manifest.lock\" > /dev/null\nif [ $? != 0 ] ; then\n    # print error to STDERR\n    echo \"error: The sandbox is not in sync with the Podfile.lock. Run 'pod install' or update your CocoaPods installation.\" >&2\n    exit 1\nfi\n";
			showEnvVarsInLog = 0;
		};
		6BE0765304BF87E49C1ED041 /* [CP] Copy Pods Resources */ = {
			isa = PBXShellScriptBuildPhase;
			buildActionMask = 2147483647;
			files = (
			);
			inputPaths = (
			);
			name = "[CP] Copy Pods Resources";
			outputPaths = (
			);
			runOnlyForDeploymentPostprocessing = 0;
			shellPath = /bin/sh;
			shellScript = "\"${SRCROOT}/Pods/Target Support Files/Pods-Neurio Home Automation/Pods-Neurio Home Automation-resources.sh\"\n";
			showEnvVarsInLog = 0;
		};
		E273296E831DA593A629D1AC /* [CP] Embed Pods Frameworks */ = {
			isa = PBXShellScriptBuildPhase;
			buildActionMask = 2147483647;
			files = (
			);
			inputPaths = (
			);
			name = "[CP] Embed Pods Frameworks";
			outputPaths = (
			);
			runOnlyForDeploymentPostprocessing = 0;
			shellPath = /bin/sh;
			shellScript = "\"${SRCROOT}/Pods/Target Support Files/Pods-Neurio Home Automation/Pods-Neurio Home Automation-frameworks.sh\"\n";
			showEnvVarsInLog = 0;
		};
/* End PBXShellScriptBuildPhase section */

/* Begin PBXSourcesBuildPhase section */
		DD00A8561E23D10C00BC4A4B /* Sources */ = {
			isa = PBXSourcesBuildPhase;
			buildActionMask = 2147483647;
			files = (
				DD00A8601E23D10C00BC4A4B /* NativeLoginViewController.swift in Sources */,
				DD4F52941E25898400CA9C8C /* NeurioManager.swift in Sources */,
				DD969C601E27D4750029C5E3 /* AppSecrets.swift in Sources */,
				DD00A85E1E23D10C00BC4A4B /* AppDelegate.swift in Sources */,
				DD9445AA1E270F7E0088F763 /* HomeViewController.swift in Sources */,
			);
			runOnlyForDeploymentPostprocessing = 0;
		};
/* End PBXSourcesBuildPhase section */

/* Begin PBXVariantGroup section */
		DD00A8611E23D10C00BC4A4B /* Main.storyboard */ = {
			isa = PBXVariantGroup;
			children = (
				DD00A8621E23D10C00BC4A4B /* Base */,
			);
			name = Main.storyboard;
			sourceTree = "<group>";
		};
		DD00A8661E23D10C00BC4A4B /* LaunchScreen.storyboard */ = {
			isa = PBXVariantGroup;
			children = (
				DD00A8671E23D10C00BC4A4B /* Base */,
			);
			name = LaunchScreen.storyboard;
			sourceTree = "<group>";
		};
/* End PBXVariantGroup section */

/* Begin XCBuildConfiguration section */
		DD00A86A1E23D10C00BC4A4B /* Debug */ = {
			isa = XCBuildConfiguration;
			buildSettings = {
				ALWAYS_SEARCH_USER_PATHS = NO;
				CLANG_ANALYZER_NONNULL = YES;
				CLANG_CXX_LANGUAGE_STANDARD = "gnu++0x";
				CLANG_CXX_LIBRARY = "libc++";
				CLANG_ENABLE_MODULES = YES;
				CLANG_ENABLE_OBJC_ARC = YES;
				CLANG_WARN_BOOL_CONVERSION = YES;
				CLANG_WARN_CONSTANT_CONVERSION = YES;
				CLANG_WARN_DIRECT_OBJC_ISA_USAGE = YES_ERROR;
				CLANG_WARN_DOCUMENTATION_COMMENTS = YES;
				CLANG_WARN_EMPTY_BODY = YES;
				CLANG_WARN_ENUM_CONVERSION = YES;
				CLANG_WARN_INFINITE_RECURSION = YES;
				CLANG_WARN_INT_CONVERSION = YES;
				CLANG_WARN_OBJC_ROOT_CLASS = YES_ERROR;
				CLANG_WARN_SUSPICIOUS_MOVE = YES;
				CLANG_WARN_UNREACHABLE_CODE = YES;
				CLANG_WARN__DUPLICATE_METHOD_MATCH = YES;
				"CODE_SIGN_IDENTITY[sdk=iphoneos*]" = "iPhone Developer";
				COPY_PHASE_STRIP = NO;
				DEBUG_INFORMATION_FORMAT = dwarf;
				ENABLE_STRICT_OBJC_MSGSEND = YES;
				ENABLE_TESTABILITY = YES;
				GCC_C_LANGUAGE_STANDARD = gnu99;
				GCC_DYNAMIC_NO_PIC = NO;
				GCC_NO_COMMON_BLOCKS = YES;
				GCC_OPTIMIZATION_LEVEL = 0;
				GCC_PREPROCESSOR_DEFINITIONS = (
					"DEBUG=1",
					"$(inherited)",
				);
				GCC_WARN_64_TO_32_BIT_CONVERSION = YES;
				GCC_WARN_ABOUT_RETURN_TYPE = YES_ERROR;
				GCC_WARN_UNDECLARED_SELECTOR = YES;
				GCC_WARN_UNINITIALIZED_AUTOS = YES_AGGRESSIVE;
				GCC_WARN_UNUSED_FUNCTION = YES;
				GCC_WARN_UNUSED_VARIABLE = YES;
				IPHONEOS_DEPLOYMENT_TARGET = 10.2;
				MTL_ENABLE_DEBUG_INFO = YES;
				ONLY_ACTIVE_ARCH = YES;
				SDKROOT = iphoneos;
				SWIFT_ACTIVE_COMPILATION_CONDITIONS = DEBUG;
				SWIFT_OPTIMIZATION_LEVEL = "-Onone";
				TARGETED_DEVICE_FAMILY = "1,2";
			};
			name = Debug;
		};
		DD00A86B1E23D10C00BC4A4B /* Release */ = {
			isa = XCBuildConfiguration;
			buildSettings = {
				ALWAYS_SEARCH_USER_PATHS = NO;
				CLANG_ANALYZER_NONNULL = YES;
				CLANG_CXX_LANGUAGE_STANDARD = "gnu++0x";
				CLANG_CXX_LIBRARY = "libc++";
				CLANG_ENABLE_MODULES = YES;
				CLANG_ENABLE_OBJC_ARC = YES;
				CLANG_WARN_BOOL_CONVERSION = YES;
				CLANG_WARN_CONSTANT_CONVERSION = YES;
				CLANG_WARN_DIRECT_OBJC_ISA_USAGE = YES_ERROR;
				CLANG_WARN_DOCUMENTATION_COMMENTS = YES;
				CLANG_WARN_EMPTY_BODY = YES;
				CLANG_WARN_ENUM_CONVERSION = YES;
				CLANG_WARN_INFINITE_RECURSION = YES;
				CLANG_WARN_INT_CONVERSION = YES;
				CLANG_WARN_OBJC_ROOT_CLASS = YES_ERROR;
				CLANG_WARN_SUSPICIOUS_MOVE = YES;
				CLANG_WARN_UNREACHABLE_CODE = YES;
				CLANG_WARN__DUPLICATE_METHOD_MATCH = YES;
				"CODE_SIGN_IDENTITY[sdk=iphoneos*]" = "iPhone Developer";
				COPY_PHASE_STRIP = NO;
				DEBUG_INFORMATION_FORMAT = "dwarf-with-dsym";
				ENABLE_NS_ASSERTIONS = NO;
				ENABLE_STRICT_OBJC_MSGSEND = YES;
				GCC_C_LANGUAGE_STANDARD = gnu99;
				GCC_NO_COMMON_BLOCKS = YES;
				GCC_WARN_64_TO_32_BIT_CONVERSION = YES;
				GCC_WARN_ABOUT_RETURN_TYPE = YES_ERROR;
				GCC_WARN_UNDECLARED_SELECTOR = YES;
				GCC_WARN_UNINITIALIZED_AUTOS = YES_AGGRESSIVE;
				GCC_WARN_UNUSED_FUNCTION = YES;
				GCC_WARN_UNUSED_VARIABLE = YES;
				IPHONEOS_DEPLOYMENT_TARGET = 10.2;
				MTL_ENABLE_DEBUG_INFO = NO;
				SDKROOT = iphoneos;
				SWIFT_OPTIMIZATION_LEVEL = "-Owholemodule";
				TARGETED_DEVICE_FAMILY = "1,2";
				VALIDATE_PRODUCT = YES;
			};
			name = Release;
		};
		DD00A86D1E23D10C00BC4A4B /* Debug */ = {
			isa = XCBuildConfiguration;
			baseConfigurationReference = 036BF66C8F68BA0250052E0C /* Pods-Neurio Home Automation.debug.xcconfig */;
			buildSettings = {
				ASSETCATALOG_COMPILER_APPICON_NAME = AppIcon;
				CLANG_ENABLE_MODULES = YES;
				DEVELOPMENT_TEAM = E5ANWKSXGH;
				INFOPLIST_FILE = "Neurio Home Automation/Info.plist";
				LD_RUNPATH_SEARCH_PATHS = "$(inherited) @executable_path/Frameworks";
				PRODUCT_BUNDLE_IDENTIFIER = "com.lowther.Neurio-Home-Automation";
				PRODUCT_NAME = "$(TARGET_NAME)";
				SWIFT_OBJC_BRIDGING_HEADER = "Neurio Home Automation/Neurio Home Automation-Bridging-Header.h";
				SWIFT_OPTIMIZATION_LEVEL = "-Onone";
				SWIFT_VERSION = 3.0;
			};
			name = Debug;
		};
		DD00A86E1E23D10C00BC4A4B /* Release */ = {
			isa = XCBuildConfiguration;
			baseConfigurationReference = 009E1B060435DD9E6970CB0A /* Pods-Neurio Home Automation.release.xcconfig */;
			buildSettings = {
				ASSETCATALOG_COMPILER_APPICON_NAME = AppIcon;
				CLANG_ENABLE_MODULES = YES;
				DEVELOPMENT_TEAM = E5ANWKSXGH;
				INFOPLIST_FILE = "Neurio Home Automation/Info.plist";
				LD_RUNPATH_SEARCH_PATHS = "$(inherited) @executable_path/Frameworks";
				PRODUCT_BUNDLE_IDENTIFIER = "com.lowther.Neurio-Home-Automation";
				PRODUCT_NAME = "$(TARGET_NAME)";
				SWIFT_OBJC_BRIDGING_HEADER = "Neurio Home Automation/Neurio Home Automation-Bridging-Header.h";
				SWIFT_VERSION = 3.0;
			};
			name = Release;
		};
/* End XCBuildConfiguration section */

/* Begin XCConfigurationList section */
		DD00A8551E23D10C00BC4A4B /* Build configuration list for PBXProject "Neurio Home Automation" */ = {
			isa = XCConfigurationList;
			buildConfigurations = (
				DD00A86A1E23D10C00BC4A4B /* Debug */,
				DD00A86B1E23D10C00BC4A4B /* Release */,
			);
			defaultConfigurationIsVisible = 0;
			defaultConfigurationName = Release;
		};
		DD00A86C1E23D10C00BC4A4B /* Build configuration list for PBXNativeTarget "Neurio Home Automation" */ = {
			isa = XCConfigurationList;
			buildConfigurations = (
				DD00A86D1E23D10C00BC4A4B /* Debug */,
				DD00A86E1E23D10C00BC4A4B /* Release */,
			);
			defaultConfigurationIsVisible = 0;
			defaultConfigurationName = Release;
		};
/* End XCConfigurationList section */
	};
	rootObject = DD00A8521E23D10C00BC4A4B /* Project object */;
}
